
Microsoft Visual Studio Solution File, Format Version 12.00
# Visual Studio Version 16
VisualStudioVersion = 16.0.31005.135
MinimumVisualStudioVersion = 10.0.40219.1
Project("{8BC9CEB8-8B4A-11D0-8D11-00A0C91BC942}") = "Curso de Cpp", "Curso de Cpp.vcxproj", "{CD7698F4-6D42-48D4-800A-03AEF08FF000}"
EndProject
Global
	GlobalSection(SolutionConfigurationPlatforms) = preSolution
		Debug|x64 = Debug|x64
		Debug|x86 = Debug|x86
		Release|x64 = Release|x64
		Release|x86 = Release|x86
	EndGlobalSection
	GlobalSection(ProjectConfigurationPlatforms) = postSolution
		{CD7698F4-6D42-48D4-800A-03AEF08FF000}.Debug|x64.ActiveCfg = Debug|x64
		{CD7698F4-6D42-48D4-800A-03AEF08FF000}.Debug|x64.Build.0 = Debug|x64
		{CD7698F4-6D42-48D4-800A-03AEF08FF000}.Debug|x86.ActiveCfg = Debug|Win32
		{CD7698F4-6D42-48D4-800A-03AEF08FF000}.Debug|x86.Build.0 = Debug|Win32
		{CD7698F4-6D42-48D4-800A-03AEF08FF000}.Release|x64.ActiveCfg = Release|x64
		{CD7698F4-6D42-48D4-800A-03AEF08FF000}.Release|x64.Build.0 = Release|x64
		{CD7698F4-6D42-48D4-800A-03AEF08FF000}.Release|x86.ActiveCfg = Release|Win32
		{CD7698F4-6D42-48D4-800A-03AEF08FF000}.Release|x86.Build.0 = Release|Win32
	EndGlobalSection
	GlobalSection(SolutionProperties) = preSolution
		HideSolutionNode = FALSE
	EndGlobalSection
	GlobalSection(ExtensibilityGlobals) = postSolution
		SolutionGuid = {E48DC747-57FE-4E6E-B177-7CEF87171F3F}
	EndGlobalSection
EndGlobal
